<?xml version="1.0" encoding="utf-8"?>
<Project ToolsVersion="4.0" xmlns="http://schemas.microsoft.com/developer/msbuild/2003">
  <ItemGroup>
    <Filter Include="includes">
      <UniqueIdentifier>{1CA10C65-086E-6770-3187-55181DB39CFE}</UniqueIdentifier>
    </Filter>
    <Filter Include="includes\BTDSTD">
      <UniqueIdentifier>{D02A9DBF-3CB6-0A84-45C7-8D78B1D16684}</UniqueIdentifier>
    </Filter>
    <Filter Include="src">
      <UniqueIdentifier>{2DAB880B-99B4-887C-2230-9F7C8E38947C}</UniqueIdentifier>
    </Filter>
  </ItemGroup>
  <ItemGroup>
    <ClInclude Include="includes\BTDSTD\Logger.hpp">
      <Filter>includes\BTDSTD</Filter>
    </ClInclude>
  </ItemGroup>
  <ItemGroup>
    <ClCompile Include="src\Source.cpp">
      <Filter>src</Filter>
    </ClCompile>
  </ItemGroup>
</Project>